
Microsoft Visual Studio Solution File, Format Version 12.00
# Visual Studio Version 16
VisualStudioVersion = 16.0.31515.178
MinimumVisualStudioVersion = 10.0.40219.1
Project("{9A19103F-16F7-4668-BE54-9A1E7A4F7556}") = "PharmacyManagmentV2", "PharmacyManagmentV2\PharmacyManagmentV2.csproj", "{7DF6F6A1-02B2-40A6-8308-E64752539C9A}"
EndProject
Global
	GlobalSection(SolutionConfigurationPlatforms) = preSolution
		Debug|Any CPU = Debug|Any CPU
		Release|Any CPU = Release|Any CPU
	EndGlobalSection
	GlobalSection(ProjectConfigurationPlatforms) = postSolution
		{7DF6F6A1-02B2-40A6-8308-E64752539C9A}.Debug|Any CPU.ActiveCfg = Debug|Any CPU
		{7DF6F6A1-02B2-40A6-8308-E64752539C9A}.Debug|Any CPU.Build.0 = Debug|Any CPU
		{7DF6F6A1-02B2-40A6-8308-E64752539C9A}.Release|Any CPU.ActiveCfg = Release|Any CPU
		{7DF6F6A1-02B2-40A6-8308-E64752539C9A}.Release|Any CPU.Build.0 = Release|Any CPU
	EndGlobalSection
	GlobalSection(SolutionProperties) = preSolution
		HideSolutionNode = FALSE
	EndGlobalSection
	GlobalSection(ExtensibilityGlobals) = postSolution
		SolutionGuid = {A694DB2E-99B1-4992-A4B7-617C55C65836}
	EndGlobalSection
EndGlobal
